
Microsoft Visual Studio Solution File, Format Version 12.00
# Visual Studio Version 16
VisualStudioVersion = 16.0.31205.134
MinimumVisualStudioVersion = 10.0.40219.1
Project("{FAE04EC0-301F-11D3-BF4B-00C04F79EFBC}") = "QueueService", "QueueService\QueueService.csproj", "{E2BED427-B829-4B41-A3CC-6B6BCF211FEC}"
EndProject
Project("{FAE04EC0-301F-11D3-BF4B-00C04F79EFBC}") = "WebApplication1", "WebApplication1\WebApplication1.csproj", "{01F52F9A-A205-48D9-8F98-7D2615CA4271}"
EndProject
Global
	GlobalSection(SolutionConfigurationPlatforms) = preSolution
		Debug|Any CPU = Debug|Any CPU
		Release|Any CPU = Release|Any CPU
	EndGlobalSection
	GlobalSection(ProjectConfigurationPlatforms) = postSolution
		{E2BED427-B829-4B41-A3CC-6B6BCF211FEC}.Debug|Any CPU.ActiveCfg = Debug|Any CPU
		{E2BED427-B829-4B41-A3CC-6B6BCF211FEC}.Debug|Any CPU.Build.0 = Debug|Any CPU
		{E2BED427-B829-4B41-A3CC-6B6BCF211FEC}.Release|Any CPU.ActiveCfg = Release|Any CPU
		{E2BED427-B829-4B41-A3CC-6B6BCF211FEC}.Release|Any CPU.Build.0 = Release|Any CPU
		{01F52F9A-A205-48D9-8F98-7D2615CA4271}.Debug|Any CPU.ActiveCfg = Debug|Any CPU
		{01F52F9A-A205-48D9-8F98-7D2615CA4271}.Debug|Any CPU.Build.0 = Debug|Any CPU
		{01F52F9A-A205-48D9-8F98-7D2615CA4271}.Release|Any CPU.ActiveCfg = Release|Any CPU
		{01F52F9A-A205-48D9-8F98-7D2615CA4271}.Release|Any CPU.Build.0 = Release|Any CPU
	EndGlobalSection
	GlobalSection(SolutionProperties) = preSolution
		HideSolutionNode = FALSE
	EndGlobalSection
	GlobalSection(ExtensibilityGlobals) = postSolution
		SolutionGuid = {47E2FF23-AC85-46BB-8806-C27EA948683B}
	EndGlobalSection
EndGlobal
